// !$*UTF8*$!
{
	archiveVersion = 1;
	classes = {
	};
	objectVersion = 46;
	objects = {

/* Begin PBXBuildFile section */
		29273E4B1B3EA56400D453A2 /* ProjectEulerProblemSolver.cpp in Sources */ = {isa = PBXBuildFile; fileRef = 29273DDB1B3EA56400D453A2 /* ProjectEulerProblemSolver.cpp */; };
		29273E4C1B3EA56400D453A2 /* BigInt_old.cpp in Sources */ = {isa = PBXBuildFile; fileRef = 29273DEE1B3EA56400D453A2 /* BigInt_old.cpp */; };
		29273E4D1B3EA56400D453A2 /* Math.cpp in Sources */ = {isa = PBXBuildFile; fileRef = 29273DF01B3EA56400D453A2 /* Math.cpp */; };
		29273E4E1B3EA56400D453A2 /* Utilities.cpp in Sources */ = {isa = PBXBuildFile; fileRef = 29273DF21B3EA56400D453A2 /* Utilities.cpp */; };
		293C84511B3F2404007D6318 /* Main.cpp in Sources */ = {isa = PBXBuildFile; fileRef = 293C844F1B3F2404007D6318 /* Main.cpp */; };
		293C847D1B3F4F61007D6318 /* Main.cpp in Sources */ = {isa = PBXBuildFile; fileRef = 293C847C1B3F4F61007D6318 /* Main.cpp */; };
		293C84821B3F504D007D6318 /* gtest.framework in Frameworks */ = {isa = PBXBuildFile; fileRef = 293C84811B3F504D007D6318 /* gtest.framework */; };
		293C84851B3F518C007D6318 /* BigIntTests.cpp in Sources */ = {isa = PBXBuildFile; fileRef = 293C84841B3F518C007D6318 /* BigIntTests.cpp */; };
		293C84881B3F53BB007D6318 /* BigInt.cpp in Sources */ = {isa = PBXBuildFile; fileRef = 293C84861B3F53BB007D6318 /* BigInt.cpp */; };
/* End PBXBuildFile section */

/* Begin PBXCopyFilesBuildPhase section */
		29273D5C1B3EA53900D453A2 /* CopyFiles */ = {
			isa = PBXCopyFilesBuildPhase;
			buildActionMask = 2147483647;
			dstPath = /usr/share/man/man1/;
			dstSubfolderSpec = 0;
			files = (
			);
			runOnlyForDeploymentPostprocessing = 1;
		};
		293C84781B3F4F61007D6318 /* CopyFiles */ = {
			isa = PBXCopyFilesBuildPhase;
			buildActionMask = 2147483647;
			dstPath = /usr/share/man/man1/;
			dstSubfolderSpec = 0;
			files = (
			);
			runOnlyForDeploymentPostprocessing = 1;
		};
/* End PBXCopyFilesBuildPhase section */

/* Begin PBXFileReference section */
		29273D5E1B3EA53900D453A2 /* Project Euler */ = {isa = PBXFileReference; explicitFileType = "compiled.mach-o.executable"; includeInIndex = 0; path = "Project Euler"; sourceTree = BUILT_PRODUCTS_DIR; };
		29273D681B3EA56400D453A2 /* IProblem.hpp */ = {isa = PBXFileReference; fileEncoding = 4; lastKnownFileType = sourcecode.cpp.h; path = IProblem.hpp; sourceTree = "<group>"; };
		29273DDB1B3EA56400D453A2 /* ProjectEulerProblemSolver.cpp */ = {isa = PBXFileReference; fileEncoding = 4; lastKnownFileType = sourcecode.cpp.cpp; path = ProjectEulerProblemSolver.cpp; sourceTree = "<group>"; };
		29273DDC1B3EA56400D453A2 /* ProjectEulerProblemSolver.h */ = {isa = PBXFileReference; fileEncoding = 4; lastKnownFileType = sourcecode.c.h; path = ProjectEulerProblemSolver.h; sourceTree = "<group>"; };
		29273DDE1B3EA56400D453A2 /* base_exp.txt */ = {isa = PBXFileReference; fileEncoding = 4; lastKnownFileType = text; path = base_exp.txt; sourceTree = "<group>"; };
		29273DDF1B3EA56400D453A2 /* cipher.txt */ = {isa = PBXFileReference; fileEncoding = 4; lastKnownFileType = text; path = cipher.txt; sourceTree = "<group>"; };
		29273DE01B3EA56400D453A2 /* matrix.txt */ = {isa = PBXFileReference; fileEncoding = 4; lastKnownFileType = text; path = matrix.txt; sourceTree = "<group>"; };
		29273DE11B3EA56400D453A2 /* matrix7.txt */ = {isa = PBXFileReference; fileEncoding = 4; lastKnownFileType = text; path = matrix7.txt; sourceTree = "<group>"; };
		29273DE21B3EA56400D453A2 /* matrix8.txt */ = {isa = PBXFileReference; fileEncoding = 4; lastKnownFileType = text; path = matrix8.txt; sourceTree = "<group>"; };
		29273DE31B3EA56400D453A2 /* namesList.txt */ = {isa = PBXFileReference; fileEncoding = 4; lastKnownFileType = text; path = namesList.txt; sourceTree = "<group>"; };
		29273DE41B3EA56400D453A2 /* number_grid.txt */ = {isa = PBXFileReference; fileEncoding = 4; lastKnownFileType = text; path = number_grid.txt; sourceTree = "<group>"; };
		29273DE51B3EA56400D453A2 /* poker_hands.txt */ = {isa = PBXFileReference; fileEncoding = 4; lastKnownFileType = text; path = poker_hands.txt; sourceTree = "<group>"; };
		29273DE61B3EA56400D453A2 /* Proj_13_numbers.txt */ = {isa = PBXFileReference; fileEncoding = 4; lastKnownFileType = text; path = Proj_13_numbers.txt; sourceTree = "<group>"; };
		29273DE71B3EA56400D453A2 /* roman.txt */ = {isa = PBXFileReference; fileEncoding = 4; lastKnownFileType = text; path = roman.txt; sourceTree = "<group>"; };
		29273DE81B3EA56400D453A2 /* sudoku.txt */ = {isa = PBXFileReference; fileEncoding = 4; lastKnownFileType = text; path = sudoku.txt; sourceTree = "<group>"; };
		29273DE91B3EA56400D453A2 /* triangle_100.txt */ = {isa = PBXFileReference; fileEncoding = 4; lastKnownFileType = text; path = triangle_100.txt; sourceTree = "<group>"; };
		29273DEA1B3EA56400D453A2 /* triangle_15.txt */ = {isa = PBXFileReference; fileEncoding = 4; lastKnownFileType = text; path = triangle_15.txt; sourceTree = "<group>"; };
		29273DEB1B3EA56400D453A2 /* triangles.txt */ = {isa = PBXFileReference; fileEncoding = 4; lastKnownFileType = text; path = triangles.txt; sourceTree = "<group>"; };
		29273DEC1B3EA56400D453A2 /* wordsList.txt */ = {isa = PBXFileReference; fileEncoding = 4; lastKnownFileType = text; path = wordsList.txt; sourceTree = "<group>"; };
		29273DEE1B3EA56400D453A2 /* BigInt_old.cpp */ = {isa = PBXFileReference; fileEncoding = 4; lastKnownFileType = sourcecode.cpp.cpp; path = BigInt_old.cpp; sourceTree = "<group>"; };
		29273DEF1B3EA56400D453A2 /* BigInt_old.hpp */ = {isa = PBXFileReference; fileEncoding = 4; lastKnownFileType = sourcecode.cpp.h; path = BigInt_old.hpp; sourceTree = "<group>"; };
		29273DF01B3EA56400D453A2 /* Math.cpp */ = {isa = PBXFileReference; fileEncoding = 4; lastKnownFileType = sourcecode.cpp.cpp; path = Math.cpp; sourceTree = "<group>"; };
		29273DF11B3EA56400D453A2 /* Math.hpp */ = {isa = PBXFileReference; fileEncoding = 4; lastKnownFileType = sourcecode.cpp.h; path = Math.hpp; sourceTree = "<group>"; };
		29273DF21B3EA56400D453A2 /* Utilities.cpp */ = {isa = PBXFileReference; fileEncoding = 4; lastKnownFileType = sourcecode.cpp.cpp; path = Utilities.cpp; sourceTree = "<group>"; };
		29273DF31B3EA56400D453A2 /* Utilities.hpp */ = {isa = PBXFileReference; fileEncoding = 4; lastKnownFileType = sourcecode.cpp.h; path = Utilities.hpp; sourceTree = "<group>"; };
		293C844F1B3F2404007D6318 /* Main.cpp */ = {isa = PBXFileReference; fileEncoding = 4; lastKnownFileType = sourcecode.cpp.cpp; path = Main.cpp; sourceTree = "<group>"; };
		293C847A1B3F4F61007D6318 /* Project Euler Tests */ = {isa = PBXFileReference; explicitFileType = "compiled.mach-o.executable"; includeInIndex = 0; path = "Project Euler Tests"; sourceTree = BUILT_PRODUCTS_DIR; };
		293C847C1B3F4F61007D6318 /* Main.cpp */ = {isa = PBXFileReference; lastKnownFileType = sourcecode.cpp.cpp; path = Main.cpp; sourceTree = "<group>"; };
		293C84811B3F504D007D6318 /* gtest.framework */ = {isa = PBXFileReference; lastKnownFileType = wrapper.framework; name = gtest.framework; path = ../../../../Library/Programming/Frameworks/gtest.framework; sourceTree = "<group>"; };
		293C84841B3F518C007D6318 /* BigIntTests.cpp */ = {isa = PBXFileReference; fileEncoding = 4; lastKnownFileType = sourcecode.cpp.cpp; path = BigIntTests.cpp; sourceTree = "<group>"; };
		293C84861B3F53BB007D6318 /* BigInt.cpp */ = {isa = PBXFileReference; fileEncoding = 4; lastKnownFileType = sourcecode.cpp.cpp; path = BigInt.cpp; sourceTree = "<group>"; };
		293C84871B3F53BB007D6318 /* BigInt.h */ = {isa = PBXFileReference; fileEncoding = 4; lastKnownFileType = sourcecode.c.h; path = BigInt.h; sourceTree = "<group>"; };
/* End PBXFileReference section */

/* Begin PBXFrameworksBuildPhase section */
		29273D5B1B3EA53900D453A2 /* Frameworks */ = {
			isa = PBXFrameworksBuildPhase;
			buildActionMask = 2147483647;
			files = (
			);
			runOnlyForDeploymentPostprocessing = 0;
		};
		293C84771B3F4F61007D6318 /* Frameworks */ = {
			isa = PBXFrameworksBuildPhase;
			buildActionMask = 2147483647;
			files = (
				293C84821B3F504D007D6318 /* gtest.framework in Frameworks */,
			);
			runOnlyForDeploymentPostprocessing = 0;
		};
/* End PBXFrameworksBuildPhase section */

/* Begin PBXGroup section */
		29273D551B3EA53900D453A2 = {
			isa = PBXGroup;
			children = (
				293C84811B3F504D007D6318 /* gtest.framework */,
				293C84751B3F4F30007D6318 /* Project Euler */,
				293C847B1B3F4F61007D6318 /* Project Euler Tests */,
				29273D5F1B3EA53900D453A2 /* Products */,
			);
			sourceTree = "<group>";
		};
		29273D5F1B3EA53900D453A2 /* Products */ = {
			isa = PBXGroup;
			children = (
				29273D5E1B3EA53900D453A2 /* Project Euler */,
				293C847A1B3F4F61007D6318 /* Project Euler Tests */,
			);
			name = Products;
			sourceTree = "<group>";
		};
		29273D6A1B3EA56400D453A2 /* Problems */ = {
			isa = PBXGroup;
			children = (
			);
			path = Problems;
			sourceTree = "<group>";
		};
		29273DDD1B3EA56400D453A2 /* Resources */ = {
			isa = PBXGroup;
			children = (
				29273DDE1B3EA56400D453A2 /* base_exp.txt */,
				29273DDF1B3EA56400D453A2 /* cipher.txt */,
				29273DE01B3EA56400D453A2 /* matrix.txt */,
				29273DE11B3EA56400D453A2 /* matrix7.txt */,
				29273DE21B3EA56400D453A2 /* matrix8.txt */,
				29273DE31B3EA56400D453A2 /* namesList.txt */,
				29273DE41B3EA56400D453A2 /* number_grid.txt */,
				29273DE51B3EA56400D453A2 /* poker_hands.txt */,
				29273DE61B3EA56400D453A2 /* Proj_13_numbers.txt */,
				29273DE71B3EA56400D453A2 /* roman.txt */,
				29273DE81B3EA56400D453A2 /* sudoku.txt */,
				29273DE91B3EA56400D453A2 /* triangle_100.txt */,
				29273DEA1B3EA56400D453A2 /* triangle_15.txt */,
				29273DEB1B3EA56400D453A2 /* triangles.txt */,
				29273DEC1B3EA56400D453A2 /* wordsList.txt */,
			);
			path = Resources;
			sourceTree = "<group>";
		};
		29273DED1B3EA56400D453A2 /* Utilities */ = {
			isa = PBXGroup;
			children = (
				29273DEE1B3EA56400D453A2 /* BigInt_old.cpp */,
				29273DEF1B3EA56400D453A2 /* BigInt_old.hpp */,
				29273DF01B3EA56400D453A2 /* Math.cpp */,
				29273DF11B3EA56400D453A2 /* Math.hpp */,
				29273DF21B3EA56400D453A2 /* Utilities.cpp */,
				29273DF31B3EA56400D453A2 /* Utilities.hpp */,
				293C84861B3F53BB007D6318 /* BigInt.cpp */,
				293C84871B3F53BB007D6318 /* BigInt.h */,
			);
			path = Utilities;
			sourceTree = "<group>";
		};
		293C84751B3F4F30007D6318 /* Project Euler */ = {
			isa = PBXGroup;
			children = (
				293C844F1B3F2404007D6318 /* Main.cpp */,
				29273D681B3EA56400D453A2 /* IProblem.hpp */,
				29273D6A1B3EA56400D453A2 /* Problems */,
				29273DDB1B3EA56400D453A2 /* ProjectEulerProblemSolver.cpp */,
				29273DDC1B3EA56400D453A2 /* ProjectEulerProblemSolver.h */,
				29273DDD1B3EA56400D453A2 /* Resources */,
				29273DED1B3EA56400D453A2 /* Utilities */,
			);
			name = "Project Euler";
			sourceTree = "<group>";
		};
		293C847B1B3F4F61007D6318 /* Project Euler Tests */ = {
			isa = PBXGroup;
			children = (
				293C84831B3F50FB007D6318 /* Utilities */,
				293C847C1B3F4F61007D6318 /* Main.cpp */,
			);
			path = "Project Euler Tests";
			sourceTree = "<group>";
		};
		293C84831B3F50FB007D6318 /* Utilities */ = {
			isa = PBXGroup;
			children = (
				293C84841B3F518C007D6318 /* BigIntTests.cpp */,
			);
			name = Utilities;
			sourceTree = "<group>";
		};
/* End PBXGroup section */

/* Begin PBXNativeTarget section */
		29273D5D1B3EA53900D453A2 /* Project Euler */ = {
			isa = PBXNativeTarget;
			buildConfigurationList = 29273D651B3EA53900D453A2 /* Build configuration list for PBXNativeTarget "Project Euler" */;
			buildPhases = (
				29273D5A1B3EA53900D453A2 /* Sources */,
				29273D5B1B3EA53900D453A2 /* Frameworks */,
				29273D5C1B3EA53900D453A2 /* CopyFiles */,
			);
			buildRules = (
			);
			dependencies = (
			);
			name = "Project Euler";
			productName = "Project Euler";
			productReference = 29273D5E1B3EA53900D453A2 /* Project Euler */;
			productType = "com.apple.product-type.tool";
		};
		293C84791B3F4F61007D6318 /* Project Euler Tests */ = {
			isa = PBXNativeTarget;
			buildConfigurationList = 293C847E1B3F4F61007D6318 /* Build configuration list for PBXNativeTarget "Project Euler Tests" */;
			buildPhases = (
				293C84761B3F4F61007D6318 /* Sources */,
				293C84771B3F4F61007D6318 /* Frameworks */,
				293C84781B3F4F61007D6318 /* CopyFiles */,
			);
			buildRules = (
			);
			dependencies = (
			);
			name = "Project Euler Tests";
			productName = "Project Euler Tests";
			productReference = 293C847A1B3F4F61007D6318 /* Project Euler Tests */;
			productType = "com.apple.product-type.tool";
		};
/* End PBXNativeTarget section */

/* Begin PBXProject section */
		29273D561B3EA53900D453A2 /* Project object */ = {
			isa = PBXProject;
			attributes = {
				LastUpgradeCheck = 0630;
				ORGANIZATIONNAME = "Laurence Woodward";
				TargetAttributes = {
					29273D5D1B3EA53900D453A2 = {
						CreatedOnToolsVersion = 6.3.2;
					};
					293C84791B3F4F61007D6318 = {
						CreatedOnToolsVersion = 6.3.2;
					};
				};
			};
			buildConfigurationList = 29273D591B3EA53900D453A2 /* Build configuration list for PBXProject "Project Euler" */;
			compatibilityVersion = "Xcode 3.2";
			developmentRegion = English;
			hasScannedForEncodings = 0;
			knownRegions = (
				en,
			);
			mainGroup = 29273D551B3EA53900D453A2;
			productRefGroup = 29273D5F1B3EA53900D453A2 /* Products */;
			projectDirPath = "";
			projectRoot = "";
			targets = (
				29273D5D1B3EA53900D453A2 /* Project Euler */,
				293C84791B3F4F61007D6318 /* Project Euler Tests */,
			);
		};
/* End PBXProject section */

/* Begin PBXSourcesBuildPhase section */
		29273D5A1B3EA53900D453A2 /* Sources */ = {
			isa = PBXSourcesBuildPhase;
			buildActionMask = 2147483647;
			files = (
				29273E4E1B3EA56400D453A2 /* Utilities.cpp in Sources */,
				29273E4C1B3EA56400D453A2 /* BigInt_old.cpp in Sources */,
				293C84511B3F2404007D6318 /* Main.cpp in Sources */,
				29273E4D1B3EA56400D453A2 /* Math.cpp in Sources */,
				29273E4B1B3EA56400D453A2 /* ProjectEulerProblemSolver.cpp in Sources */,
			);
			runOnlyForDeploymentPostprocessing = 0;
		};
		293C84761B3F4F61007D6318 /* Sources */ = {
			isa = PBXSourcesBuildPhase;
			buildActionMask = 2147483647;
			files = (
				293C84881B3F53BB007D6318 /* BigInt.cpp in Sources */,
				293C84851B3F518C007D6318 /* BigIntTests.cpp in Sources */,
				293C847D1B3F4F61007D6318 /* Main.cpp in Sources */,
			);
			runOnlyForDeploymentPostprocessing = 0;
		};
/* End PBXSourcesBuildPhase section */

/* Begin XCBuildConfiguration section */
		29273D631B3EA53900D453A2 /* Debug */ = {
			isa = XCBuildConfiguration;
			buildSettings = {
				ALWAYS_SEARCH_USER_PATHS = NO;
				CLANG_CXX_LANGUAGE_STANDARD = "gnu++0x";
				CLANG_CXX_LIBRARY = "libc++";
				CLANG_ENABLE_MODULES = YES;
				CLANG_ENABLE_OBJC_ARC = YES;
				CLANG_WARN_BOOL_CONVERSION = YES;
				CLANG_WARN_CONSTANT_CONVERSION = YES;
				CLANG_WARN_DIRECT_OBJC_ISA_USAGE = YES_ERROR;
				CLANG_WARN_EMPTY_BODY = YES;
				CLANG_WARN_ENUM_CONVERSION = YES;
				CLANG_WARN_INT_CONVERSION = YES;
				CLANG_WARN_OBJC_ROOT_CLASS = YES_ERROR;
				CLANG_WARN_UNREACHABLE_CODE = YES;
				CLANG_WARN__DUPLICATE_METHOD_MATCH = YES;
				COPY_PHASE_STRIP = NO;
				DEBUG_INFORMATION_FORMAT = dwarf;
				ENABLE_STRICT_OBJC_MSGSEND = YES;
				GCC_C_LANGUAGE_STANDARD = gnu99;
				GCC_DYNAMIC_NO_PIC = NO;
				GCC_NO_COMMON_BLOCKS = YES;
				GCC_OPTIMIZATION_LEVEL = 0;
				GCC_PREPROCESSOR_DEFINITIONS = (
					"DEBUG=1",
					"$(inherited)",
				);
				GCC_SYMBOLS_PRIVATE_EXTERN = NO;
				GCC_WARN_64_TO_32_BIT_CONVERSION = YES;
				GCC_WARN_ABOUT_RETURN_TYPE = YES_ERROR;
				GCC_WARN_UNDECLARED_SELECTOR = YES;
				GCC_WARN_UNINITIALIZED_AUTOS = YES_AGGRESSIVE;
				GCC_WARN_UNUSED_FUNCTION = YES;
				GCC_WARN_UNUSED_VARIABLE = YES;
				MACOSX_DEPLOYMENT_TARGET = 10.10;
				MTL_ENABLE_DEBUG_INFO = YES;
				ONLY_ACTIVE_ARCH = YES;
				SDKROOT = macosx;
			};
			name = Debug;
		};
		29273D641B3EA53900D453A2 /* Release */ = {
			isa = XCBuildConfiguration;
			buildSettings = {
				ALWAYS_SEARCH_USER_PATHS = NO;
				CLANG_CXX_LANGUAGE_STANDARD = "gnu++0x";
				CLANG_CXX_LIBRARY = "libc++";
				CLANG_ENABLE_MODULES = YES;
				CLANG_ENABLE_OBJC_ARC = YES;
				CLANG_WARN_BOOL_CONVERSION = YES;
				CLANG_WARN_CONSTANT_CONVERSION = YES;
				CLANG_WARN_DIRECT_OBJC_ISA_USAGE = YES_ERROR;
				CLANG_WARN_EMPTY_BODY = YES;
				CLANG_WARN_ENUM_CONVERSION = YES;
				CLANG_WARN_INT_CONVERSION = YES;
				CLANG_WARN_OBJC_ROOT_CLASS = YES_ERROR;
				CLANG_WARN_UNREACHABLE_CODE = YES;
				CLANG_WARN__DUPLICATE_METHOD_MATCH = YES;
				COPY_PHASE_STRIP = NO;
				DEBUG_INFORMATION_FORMAT = "dwarf-with-dsym";
				ENABLE_NS_ASSERTIONS = NO;
				ENABLE_STRICT_OBJC_MSGSEND = YES;
				GCC_C_LANGUAGE_STANDARD = gnu99;
				GCC_NO_COMMON_BLOCKS = YES;
				GCC_WARN_64_TO_32_BIT_CONVERSION = YES;
				GCC_WARN_ABOUT_RETURN_TYPE = YES_ERROR;
				GCC_WARN_UNDECLARED_SELECTOR = YES;
				GCC_WARN_UNINITIALIZED_AUTOS = YES_AGGRESSIVE;
				GCC_WARN_UNUSED_FUNCTION = YES;
				GCC_WARN_UNUSED_VARIABLE = YES;
				MACOSX_DEPLOYMENT_TARGET = 10.10;
				MTL_ENABLE_DEBUG_INFO = NO;
				SDKROOT = macosx;
			};
			name = Release;
		};
		29273D661B3EA53900D453A2 /* Debug */ = {
			isa = XCBuildConfiguration;
			buildSettings = {
				PRODUCT_NAME = "$(TARGET_NAME)";
			};
			name = Debug;
		};
		29273D671B3EA53900D453A2 /* Release */ = {
			isa = XCBuildConfiguration;
			buildSettings = {
				PRODUCT_NAME = "$(TARGET_NAME)";
			};
			name = Release;
		};
		293C847F1B3F4F61007D6318 /* Debug */ = {
			isa = XCBuildConfiguration;
			buildSettings = {
				FRAMEWORK_SEARCH_PATHS = (
					"$(inherited)",
					"$(USER_LIBRARY_DIR)/Programming/Frameworks",
				);
				GCC_PREPROCESSOR_DEFINITIONS = (
					"DEBUG=1",
					"$(inherited)",
				);
				PRODUCT_NAME = "$(TARGET_NAME)";
			};
			name = Debug;
		};
		293C84801B3F4F61007D6318 /* Release */ = {
			isa = XCBuildConfiguration;
			buildSettings = {
				FRAMEWORK_SEARCH_PATHS = (
					"$(inherited)",
					"$(USER_LIBRARY_DIR)/Programming/Frameworks",
				);
				PRODUCT_NAME = "$(TARGET_NAME)";
			};
			name = Release;
		};
/* End XCBuildConfiguration section */

/* Begin XCConfigurationList section */
		29273D591B3EA53900D453A2 /* Build configuration list for PBXProject "Project Euler" */ = {
			isa = XCConfigurationList;
			buildConfigurations = (
				29273D631B3EA53900D453A2 /* Debug */,
				29273D641B3EA53900D453A2 /* Release */,
			);
			defaultConfigurationIsVisible = 0;
			defaultConfigurationName = Release;
		};
		29273D651B3EA53900D453A2 /* Build configuration list for PBXNativeTarget "Project Euler" */ = {
			isa = XCConfigurationList;
			buildConfigurations = (
				29273D661B3EA53900D453A2 /* Debug */,
				29273D671B3EA53900D453A2 /* Release */,
			);
			defaultConfigurationIsVisible = 0;
			defaultConfigurationName = Release;
		};
		293C847E1B3F4F61007D6318 /* Build configuration list for PBXNativeTarget "Project Euler Tests" */ = {
			isa = XCConfigurationList;
			buildConfigurations = (
				293C847F1B3F4F61007D6318 /* Debug */,
				293C84801B3F4F61007D6318 /* Release */,
			);
			defaultConfigurationIsVisible = 0;
		};
/* End XCConfigurationList section */
	};
	rootObject = 29273D561B3EA53900D453A2 /* Project object */;
}
